// !$*UTF8*$!
{
	archiveVersion = 1;
	classes = {
	};
	objectVersion = 56;
	objects = {

/* Begin PBXBuildFile section */
		301974E02D53A46A00BD3FC4 /* AnyCoordinator.swift in Sources */ = {isa = PBXBuildFile; fileRef = 301974D82D53A46A00BD3FC4 /* AnyCoordinator.swift */; };
		301974CB2D539C9B00BD3FC4 /* AppDelegate.swift in Sources */ = {isa = PBXBuildFile; fileRef = 301974CA2D539C9B00BD3FC4 /* AppDelegate.swift */; };
		301974D42D53A40900BD3FC4 /* ApplicationCoordinator.swift in Sources */ = {isa = PBXBuildFile; fileRef = 301974D32D53A40900BD3FC4 /* ApplicationCoordinator.swift */; };
		301974A02D539B2800BD3FC4 /* Assets.xcassets in Resources */ = {isa = PBXBuildFile; fileRef = 3019749F2D539B2800BD3FC4 /* Assets.xcassets */; };
		301974EE2D53A4FC00BD3FC4 /* BaseViewController.swift in Sources */ = {isa = PBXBuildFile; fileRef = 301974ED2D53A4FC00BD3FC4 /* BaseViewController.swift */; };
		301975142D53FC1800BD3FC4 /* CircularProgressView.swift in Sources */ = {isa = PBXBuildFile; fileRef = 301975132D53FC1800BD3FC4 /* CircularProgressView.swift */; };
		301974F32D53A54D00BD3FC4 /* Colors.swift in Sources */ = {isa = PBXBuildFile; fileRef = 301974F22D53A54D00BD3FC4 /* Colors.swift */; };
		301974E32D53A46A00BD3FC4 /* CombineAsyncStreamBridge.swift in Sources */ = {isa = PBXBuildFile; fileRef = 301974DC2D53A46A00BD3FC4 /* CombineAsyncStreamBridge.swift */; };
		301974E52D53A46A00BD3FC4 /* CombineUtils.swift in Sources */ = {isa = PBXBuildFile; fileRef = 301974DE2D53A46A00BD3FC4 /* CombineUtils.swift */; };
		301974F12D53A52900BD3FC4 /* Constants.swift in Sources */ = {isa = PBXBuildFile; fileRef = 301974F02D53A52900BD3FC4 /* Constants.swift */; };
		301974DF2D53A46A00BD3FC4 /* Coordinatable.swift in Sources */ = {isa = PBXBuildFile; fileRef = 301974D72D53A46A00BD3FC4 /* Coordinatable.swift */; };
		301974E22D53A46A00BD3FC4 /* Coordinator.swift in Sources */ = {isa = PBXBuildFile; fileRef = 301974DA2D53A46A00BD3FC4 /* Coordinator.swift */; };
		301975282D563B4600BD3FC4 /* DocumentCacheManager.swift in Sources */ = {isa = PBXBuildFile; fileRef = 301975272D563B4600BD3FC4 /* DocumentCacheManager.swift */; };
		3019750E2D53CBDE00BD3FC4 /* DocumentConversionEngine.swift in Sources */ = {isa = PBXBuildFile; fileRef = 3019750D2D53CBDE00BD3FC4 /* DocumentConversionEngine.swift */; };
		301975162D5406D700BD3FC4 /* DocumentConversionManager.swift in Sources */ = {isa = PBXBuildFile; fileRef = 301975152D5406D700BD3FC4 /* DocumentConversionManager.swift */; };
		301975122D53E28300BD3FC4 /* DocumentDetailView.swift in Sources */ = {isa = PBXBuildFile; fileRef = 301975112D53E28300BD3FC4 /* DocumentDetailView.swift */; };
		301975102D53DD3700BD3FC4 /* DocumentDetailViewController.swift in Sources */ = {isa = PBXBuildFile; fileRef = 3019750F2D53DD3700BD3FC4 /* DocumentDetailViewController.swift */; };
		301975242D55184E00BD3FC4 /* DocumentEmptyStateView.swift in Sources */ = {isa = PBXBuildFile; fileRef = 301975232D55184E00BD3FC4 /* DocumentEmptyStateView.swift */; };
		301975092D53BDB300BD3FC4 /* DocumentGridCell.swift in Sources */ = {isa = PBXBuildFile; fileRef = 301975082D53BDB300BD3FC4 /* DocumentGridCell.swift */; };
		301975052D53A8DA00BD3FC4 /* DocumentGridViewController.swift in Sources */ = {isa = PBXBuildFile; fileRef = 301975042D53A8DA00BD3FC4 /* DocumentGridViewController.swift */; };
		3019750B2D53C1CF00BD3FC4 /* DocumentItem.swift in Sources */ = {isa = PBXBuildFile; fileRef = 3019750A2D53C1CF00BD3FC4 /* DocumentItem.swift */; };
		301975262D563A0900BD3FC4 /* DocumentItemCached.swift in Sources */ = {isa = PBXBuildFile; fileRef = 301975252D563A0900BD3FC4 /* DocumentItemCached.swift */; };
		301975072D53A9C300BD3FC4 /* DocumentsCoordinator.swift in Sources */ = {isa = PBXBuildFile; fileRef = 301975062D53A9C200BD3FC4 /* DocumentsCoordinator.swift */; };
		3019751F2D54114E00BD3FC4 /* DocumentsCoordinatorTests.swift in Sources */ = {isa = PBXBuildFile; fileRef = 3019751E2D54114E00BD3FC4 /* DocumentsCoordinatorTests.swift */; };
		301974F92D53A83400BD3FC4 /* Localizable.strings in Resources */ = {isa = PBXBuildFile; fileRef = 301974FB2D53A83400BD3FC4 /* Localizable.strings */; };
		301974F52D53A7EA00BD3FC4 /* Localized.swift in Sources */ = {isa = PBXBuildFile; fileRef = 301974F42D53A7EA00BD3FC4 /* Localized.swift */; };
		301974E12D53A46A00BD3FC4 /* MappedCoordinator.swift in Sources */ = {isa = PBXBuildFile; fileRef = 301974D92D53A46A00BD3FC4 /* MappedCoordinator.swift */; };
		301974A42D539B2800BD3FC4 /* Preview Assets.xcassets in Resources */ = {isa = PBXBuildFile; fileRef = 301974A32D539B2800BD3FC4 /* Preview Assets.xcassets */; };
		301974E42D53A46A00BD3FC4 /* Publisher+SingleOutput.swift in Sources */ = {isa = PBXBuildFile; fileRef = 301974DD2D53A46A00BD3FC4 /* Publisher+SingleOutput.swift */; };
		301974E92D53A4CC00BD3FC4 /* Route.swift in Sources */ = {isa = PBXBuildFile; fileRef = 301974E72D53A4CC00BD3FC4 /* Route.swift */; };
		301974EA2D53A4CC00BD3FC4 /* Router.swift in Sources */ = {isa = PBXBuildFile; fileRef = 301974E82D53A4CC00BD3FC4 /* Router.swift */; };
		301975212D5411B400BD3FC4 /* RouterMock.swift in Sources */ = {isa = PBXBuildFile; fileRef = 301975202D5411B400BD3FC4 /* RouterMock.swift */; };
		301974CD2D539CAD00BD3FC4 /* SceneDelegate.swift in Sources */ = {isa = PBXBuildFile; fileRef = 301974CC2D539CAD00BD3FC4 /* SceneDelegate.swift */; };
		301974AE2D539B2800BD3FC4 /* Shapr3DConverterTests.swift in Sources */ = {isa = PBXBuildFile; fileRef = 301974AD2D539B2800BD3FC4 /* Shapr3DConverterTests.swift */; };
		301974B82D539B2800BD3FC4 /* Shapr3DConverterUITests.swift in Sources */ = {isa = PBXBuildFile; fileRef = 301974B72D539B2800BD3FC4 /* Shapr3DConverterUITests.swift */; };
		301974BA2D539B2800BD3FC4 /* Shapr3DConverterUITestsLaunchTests.swift in Sources */ = {isa = PBXBuildFile; fileRef = 301974B92D539B2800BD3FC4 /* Shapr3DConverterUITestsLaunchTests.swift */; };
		301974FF2D53A89100BD3FC4 /* UIColor+Extensions.swift in Sources */ = {isa = PBXBuildFile; fileRef = 301974FE2D53A89100BD3FC4 /* UIColor+Extensions.swift */; };
		3019752C2D56475E00BD3FC4 /* UIImage+Extensions.swift in Sources */ = {isa = PBXBuildFile; fileRef = 3019752B2D56475E00BD3FC4 /* UIImage+Extensions.swift */; };
		301974D02D53A37F00BD3FC4 /* main.swift in Sources */ = {isa = PBXBuildFile; fileRef = 301974CF2D53A37F00BD3FC4 /* main.swift */; };
		3043DF312D57809A00C3EBFD /* shaprIcon.png in Resources */ = {isa = PBXBuildFile; fileRef = 3043DF302D57809A00C3EBFD /* shaprIcon.png */; };
/* End PBXBuildFile section */

/* Begin PBXContainerItemProxy section */
		301974AA2D539B2800BD3FC4 /* PBXContainerItemProxy */ = {
			isa = PBXContainerItemProxy;
			containerPortal = 301974902D539B2600BD3FC4 /* Project object */;
			proxyType = 1;
			remoteGlobalIDString = 301974972D539B2600BD3FC4;
			remoteInfo = Shapr3DConverter;
		};
		301974B42D539B2800BD3FC4 /* PBXContainerItemProxy */ = {
			isa = PBXContainerItemProxy;
			containerPortal = 301974902D539B2600BD3FC4 /* Project object */;
			proxyType = 1;
			remoteGlobalIDString = 301974972D539B2600BD3FC4;
			remoteInfo = Shapr3DConverter;
		};
/* End PBXContainerItemProxy section */

/* Begin PBXFileReference section */
		301974D82D53A46A00BD3FC4 /* AnyCoordinator.swift */ = {isa = PBXFileReference; fileEncoding = 4; lastKnownFileType = sourcecode.swift; path = AnyCoordinator.swift; sourceTree = "<group>"; };
		301974CA2D539C9B00BD3FC4 /* AppDelegate.swift */ = {isa = PBXFileReference; lastKnownFileType = sourcecode.swift; path = AppDelegate.swift; sourceTree = "<group>"; };
		301974D32D53A40900BD3FC4 /* ApplicationCoordinator.swift */ = {isa = PBXFileReference; lastKnownFileType = sourcecode.swift; path = ApplicationCoordinator.swift; sourceTree = "<group>"; };
		3019749F2D539B2800BD3FC4 /* Assets.xcassets */ = {isa = PBXFileReference; lastKnownFileType = folder.assetcatalog; path = Assets.xcassets; sourceTree = "<group>"; };
		301974ED2D53A4FC00BD3FC4 /* BaseViewController.swift */ = {isa = PBXFileReference; fileEncoding = 4; lastKnownFileType = sourcecode.swift; path = BaseViewController.swift; sourceTree = "<group>"; };
		301975132D53FC1800BD3FC4 /* CircularProgressView.swift */ = {isa = PBXFileReference; lastKnownFileType = sourcecode.swift; path = CircularProgressView.swift; sourceTree = "<group>"; };
		301974F22D53A54D00BD3FC4 /* Colors.swift */ = {isa = PBXFileReference; fileEncoding = 4; lastKnownFileType = sourcecode.swift; path = Colors.swift; sourceTree = "<group>"; };
		301974DC2D53A46A00BD3FC4 /* CombineAsyncStreamBridge.swift */ = {isa = PBXFileReference; fileEncoding = 4; lastKnownFileType = sourcecode.swift; path = CombineAsyncStreamBridge.swift; sourceTree = "<group>"; };
		301974DE2D53A46A00BD3FC4 /* CombineUtils.swift */ = {isa = PBXFileReference; fileEncoding = 4; lastKnownFileType = sourcecode.swift; path = CombineUtils.swift; sourceTree = "<group>"; };
		301974F02D53A52900BD3FC4 /* Constants.swift */ = {isa = PBXFileReference; fileEncoding = 4; lastKnownFileType = sourcecode.swift; path = Constants.swift; sourceTree = "<group>"; };
		301974D72D53A46A00BD3FC4 /* Coordinatable.swift */ = {isa = PBXFileReference; fileEncoding = 4; lastKnownFileType = sourcecode.swift; path = Coordinatable.swift; sourceTree = "<group>"; };
		301974DA2D53A46A00BD3FC4 /* Coordinator.swift */ = {isa = PBXFileReference; fileEncoding = 4; lastKnownFileType = sourcecode.swift; path = Coordinator.swift; sourceTree = "<group>"; };
		301975272D563B4600BD3FC4 /* DocumentCacheManager.swift */ = {isa = PBXFileReference; lastKnownFileType = sourcecode.swift; path = DocumentCacheManager.swift; sourceTree = "<group>"; };
		3019750D2D53CBDE00BD3FC4 /* DocumentConversionEngine.swift */ = {isa = PBXFileReference; lastKnownFileType = sourcecode.swift; path = DocumentConversionEngine.swift; sourceTree = "<group>"; };
		301975152D5406D700BD3FC4 /* DocumentConversionManager.swift */ = {isa = PBXFileReference; lastKnownFileType = sourcecode.swift; path = DocumentConversionManager.swift; sourceTree = "<group>"; };
		301975112D53E28300BD3FC4 /* DocumentDetailView.swift */ = {isa = PBXFileReference; lastKnownFileType = sourcecode.swift; path = DocumentDetailView.swift; sourceTree = "<group>"; };
		3019750F2D53DD3700BD3FC4 /* DocumentDetailViewController.swift */ = {isa = PBXFileReference; lastKnownFileType = sourcecode.swift; path = DocumentDetailViewController.swift; sourceTree = "<group>"; };
		301975232D55184E00BD3FC4 /* DocumentEmptyStateView.swift */ = {isa = PBXFileReference; lastKnownFileType = sourcecode.swift; path = DocumentEmptyStateView.swift; sourceTree = "<group>"; };
		301975082D53BDB300BD3FC4 /* DocumentGridCell.swift */ = {isa = PBXFileReference; lastKnownFileType = sourcecode.swift; path = DocumentGridCell.swift; sourceTree = "<group>"; };
		301975042D53A8DA00BD3FC4 /* DocumentGridViewController.swift */ = {isa = PBXFileReference; lastKnownFileType = sourcecode.swift; path = DocumentGridViewController.swift; sourceTree = "<group>"; };
		3019750A2D53C1CF00BD3FC4 /* DocumentItem.swift */ = {isa = PBXFileReference; lastKnownFileType = sourcecode.swift; path = DocumentItem.swift; sourceTree = "<group>"; };
		301975252D563A0900BD3FC4 /* DocumentItemCached.swift */ = {isa = PBXFileReference; lastKnownFileType = sourcecode.swift; path = DocumentItemCached.swift; sourceTree = "<group>"; };
		301975062D53A9C200BD3FC4 /* DocumentsCoordinator.swift */ = {isa = PBXFileReference; fileEncoding = 4; lastKnownFileType = sourcecode.swift; path = DocumentsCoordinator.swift; sourceTree = "<group>"; };
		3019751E2D54114E00BD3FC4 /* DocumentsCoordinatorTests.swift */ = {isa = PBXFileReference; lastKnownFileType = sourcecode.swift; path = DocumentsCoordinatorTests.swift; sourceTree = "<group>"; };
		301974CE2D539E6600BD3FC4 /* Info.plist */ = {isa = PBXFileReference; lastKnownFileType = text.plist.xml; path = Info.plist; sourceTree = "<group>"; };
		301974F42D53A7EA00BD3FC4 /* Localized.swift */ = {isa = PBXFileReference; fileEncoding = 4; lastKnownFileType = sourcecode.swift; path = Localized.swift; sourceTree = "<group>"; };
		301974D92D53A46A00BD3FC4 /* MappedCoordinator.swift */ = {isa = PBXFileReference; fileEncoding = 4; lastKnownFileType = sourcecode.swift; path = MappedCoordinator.swift; sourceTree = "<group>"; };
		301974A32D539B2800BD3FC4 /* Preview Assets.xcassets */ = {isa = PBXFileReference; lastKnownFileType = folder.assetcatalog; path = "Preview Assets.xcassets"; sourceTree = "<group>"; };
		301974DD2D53A46A00BD3FC4 /* Publisher+SingleOutput.swift */ = {isa = PBXFileReference; fileEncoding = 4; lastKnownFileType = sourcecode.swift; path = "Publisher+SingleOutput.swift"; sourceTree = "<group>"; };
		301974E72D53A4CC00BD3FC4 /* Route.swift */ = {isa = PBXFileReference; fileEncoding = 4; lastKnownFileType = sourcecode.swift; path = Route.swift; sourceTree = "<group>"; };
		301974E82D53A4CC00BD3FC4 /* Router.swift */ = {isa = PBXFileReference; fileEncoding = 4; lastKnownFileType = sourcecode.swift; path = Router.swift; sourceTree = "<group>"; };
		301975202D5411B400BD3FC4 /* RouterMock.swift */ = {isa = PBXFileReference; lastKnownFileType = sourcecode.swift; path = RouterMock.swift; sourceTree = "<group>"; };
		301974CC2D539CAD00BD3FC4 /* SceneDelegate.swift */ = {isa = PBXFileReference; lastKnownFileType = sourcecode.swift; path = SceneDelegate.swift; sourceTree = "<group>"; };
		301974982D539B2600BD3FC4 /* Shapr3DConverter.app */ = {isa = PBXFileReference; explicitFileType = wrapper.application; includeInIndex = 0; path = Shapr3DConverter.app; sourceTree = BUILT_PRODUCTS_DIR; };
		301974A12D539B2800BD3FC4 /* Shapr3DConverter.entitlements */ = {isa = PBXFileReference; lastKnownFileType = text.plist.entitlements; path = Shapr3DConverter.entitlements; sourceTree = "<group>"; };
		301974AD2D539B2800BD3FC4 /* Shapr3DConverterTests.swift */ = {isa = PBXFileReference; lastKnownFileType = sourcecode.swift; path = Shapr3DConverterTests.swift; sourceTree = "<group>"; };
		301974A92D539B2800BD3FC4 /* Shapr3DConverterTests.xctest */ = {isa = PBXFileReference; explicitFileType = wrapper.cfbundle; includeInIndex = 0; path = Shapr3DConverterTests.xctest; sourceTree = BUILT_PRODUCTS_DIR; };
		301974B72D539B2800BD3FC4 /* Shapr3DConverterUITests.swift */ = {isa = PBXFileReference; lastKnownFileType = sourcecode.swift; path = Shapr3DConverterUITests.swift; sourceTree = "<group>"; };
		301974B32D539B2800BD3FC4 /* Shapr3DConverterUITests.xctest */ = {isa = PBXFileReference; explicitFileType = wrapper.cfbundle; includeInIndex = 0; path = Shapr3DConverterUITests.xctest; sourceTree = BUILT_PRODUCTS_DIR; };
		301974B92D539B2800BD3FC4 /* Shapr3DConverterUITestsLaunchTests.swift */ = {isa = PBXFileReference; lastKnownFileType = sourcecode.swift; path = Shapr3DConverterUITestsLaunchTests.swift; sourceTree = "<group>"; };
		301974FE2D53A89100BD3FC4 /* UIColor+Extensions.swift */ = {isa = PBXFileReference; fileEncoding = 4; lastKnownFileType = sourcecode.swift; path = "UIColor+Extensions.swift"; sourceTree = "<group>"; };
		3019752B2D56475E00BD3FC4 /* UIImage+Extensions.swift */ = {isa = PBXFileReference; lastKnownFileType = sourcecode.swift; path = "UIImage+Extensions.swift"; sourceTree = "<group>"; };
		301974FA2D53A83400BD3FC4 /* en */ = {isa = PBXFileReference; lastKnownFileType = text.plist.strings; name = en; path = en.lproj/Localizable.strings; sourceTree = "<group>"; };
		301974FC2D53A83500BD3FC4 /* es */ = {isa = PBXFileReference; lastKnownFileType = text.plist.strings; name = es; path = es.lproj/Localizable.strings; sourceTree = "<group>"; };
		301974CF2D53A37F00BD3FC4 /* main.swift */ = {isa = PBXFileReference; fileEncoding = 4; lastKnownFileType = sourcecode.swift; path = main.swift; sourceTree = "<group>"; };
		3043DF302D57809A00C3EBFD /* shaprIcon.png */ = {isa = PBXFileReference; lastKnownFileType = image.png; path = shaprIcon.png; sourceTree = "<group>"; };
/* End PBXFileReference section */

/* Begin PBXFrameworksBuildPhase section */
		301974952D539B2600BD3FC4 /* Frameworks */ = {
			isa = PBXFrameworksBuildPhase;
			buildActionMask = 2147483647;
			files = (
			);
			runOnlyForDeploymentPostprocessing = 0;
		};
		301974A62D539B2800BD3FC4 /* Frameworks */ = {
			isa = PBXFrameworksBuildPhase;
			buildActionMask = 2147483647;
			files = (
			);
			runOnlyForDeploymentPostprocessing = 0;
		};
		301974B02D539B2800BD3FC4 /* Frameworks */ = {
			isa = PBXFrameworksBuildPhase;
			buildActionMask = 2147483647;
			files = (
			);
			runOnlyForDeploymentPostprocessing = 0;
		};
/* End PBXFrameworksBuildPhase section */

/* Begin PBXGroup section */
		3019748F2D539B2600BD3FC4 = {
			isa = PBXGroup;
			children = (
				301974992D539B2600BD3FC4 /* Products */,
				3019749A2D539B2600BD3FC4 /* Shapr3DConverter */,
				301974AC2D539B2800BD3FC4 /* Shapr3DConverterTests */,
				301974B62D539B2800BD3FC4 /* Shapr3DConverterUITests */,
			);
			sourceTree = "<group>";
		};
		301974992D539B2600BD3FC4 /* Products */ = {
			isa = PBXGroup;
			children = (
				301974982D539B2600BD3FC4 /* Shapr3DConverter.app */,
				301974A92D539B2800BD3FC4 /* Shapr3DConverterTests.xctest */,
				301974B32D539B2800BD3FC4 /* Shapr3DConverterUITests.xctest */,
			);
			name = Products;
			sourceTree = "<group>";
		};
		3019749A2D539B2600BD3FC4 /* Shapr3DConverter */ = {
			isa = PBXGroup;
			children = (
				301974C92D539C6900BD3FC4 /* Resources */,
				301974D12D53A3EA00BD3FC4 /* Sources */,
				301974CA2D539C9B00BD3FC4 /* AppDelegate.swift */,
				301974CE2D539E6600BD3FC4 /* Info.plist */,
				301974CC2D539CAD00BD3FC4 /* SceneDelegate.swift */,
				301974A12D539B2800BD3FC4 /* Shapr3DConverter.entitlements */,
				301974CF2D53A37F00BD3FC4 /* main.swift */,
			);
			path = Shapr3DConverter;
			sourceTree = "<group>";
		};
		301974A22D539B2800BD3FC4 /* Preview Content */ = {
			isa = PBXGroup;
			children = (
				301974A32D539B2800BD3FC4 /* Preview Assets.xcassets */,
			);
			path = "Preview Content";
			sourceTree = "<group>";
		};
		301974AC2D539B2800BD3FC4 /* Shapr3DConverterTests */ = {
			isa = PBXGroup;
			children = (
				3019751B2D54112C00BD3FC4 /* UI */,
				301975202D5411B400BD3FC4 /* RouterMock.swift */,
				301974AD2D539B2800BD3FC4 /* Shapr3DConverterTests.swift */,
			);
			path = Shapr3DConverterTests;
			sourceTree = "<group>";
		};
		301974B62D539B2800BD3FC4 /* Shapr3DConverterUITests */ = {
			isa = PBXGroup;
			children = (
				301974B72D539B2800BD3FC4 /* Shapr3DConverterUITests.swift */,
				301974B92D539B2800BD3FC4 /* Shapr3DConverterUITestsLaunchTests.swift */,
			);
			path = Shapr3DConverterUITests;
			sourceTree = "<group>";
		};
		301974C92D539C6900BD3FC4 /* Resources */ = {
			isa = PBXGroup;
			children = (
				301974F62D53A81C00BD3FC4 /* Common */,
				3019752D2D57769000BD3FC4 /* Icons */,
				301974A22D539B2800BD3FC4 /* Preview Content */,
				3019749F2D539B2800BD3FC4 /* Assets.xcassets */,
			);
			path = Resources;
			sourceTree = "<group>";
		};
		301974D12D53A3EA00BD3FC4 /* Sources */ = {
			isa = PBXGroup;
			children = (
				301975172D54091400BD3FC4 /* CommonUI */,
				301974EF2D53A51600BD3FC4 /* Constants */,
				301974D22D53A3FD00BD3FC4 /* Coordinator */,
				3019750C2D53CBC200BD3FC4 /* DocumentService */,
				301974FD2D53A88000BD3FC4 /* Extensions */,
				301974E62D53A4BD00BD3FC4 /* Router */,
				301974EB2D53A4EF00BD3FC4 /* UI */,
				301974D52D53A45200BD3FC4 /* Utilities */,
			);
			path = Sources;
			sourceTree = "<group>";
		};
		301974D22D53A3FD00BD3FC4 /* Coordinator */ = {
			isa = PBXGroup;
			children = (
				301974D32D53A40900BD3FC4 /* ApplicationCoordinator.swift */,
			);
			path = Coordinator;
			sourceTree = "<group>";
		};
		301974D52D53A45200BD3FC4 /* Utilities */ = {
			isa = PBXGroup;
			children = (
				301974DB2D53A46A00BD3FC4 /* CombineAsyncAwaitBridging */,
				301974D62D53A46A00BD3FC4 /* Coordinator */,
				301974DE2D53A46A00BD3FC4 /* CombineUtils.swift */,
			);
			path = Utilities;
			sourceTree = "<group>";
		};
		301974D62D53A46A00BD3FC4 /* Coordinator */ = {
			isa = PBXGroup;
			children = (
				301974D82D53A46A00BD3FC4 /* AnyCoordinator.swift */,
				301974D72D53A46A00BD3FC4 /* Coordinatable.swift */,
				301974DA2D53A46A00BD3FC4 /* Coordinator.swift */,
				301974D92D53A46A00BD3FC4 /* MappedCoordinator.swift */,
			);
			path = Coordinator;
			sourceTree = "<group>";
		};
		301974DB2D53A46A00BD3FC4 /* CombineAsyncAwaitBridging */ = {
			isa = PBXGroup;
			children = (
				301974DC2D53A46A00BD3FC4 /* CombineAsyncStreamBridge.swift */,
				301974DD2D53A46A00BD3FC4 /* Publisher+SingleOutput.swift */,
			);
			path = CombineAsyncAwaitBridging;
			sourceTree = "<group>";
		};
		301974E62D53A4BD00BD3FC4 /* Router */ = {
			isa = PBXGroup;
			children = (
				301974E72D53A4CC00BD3FC4 /* Route.swift */,
				301974E82D53A4CC00BD3FC4 /* Router.swift */,
			);
			path = Router;
			sourceTree = "<group>";
		};
		301974EB2D53A4EF00BD3FC4 /* UI */ = {
			isa = PBXGroup;
			children = (
				301975192D540A0800BD3FC4 /* DocumentDetail */,
				301975002D53A8AA00BD3FC4 /* Documents */,
			);
			path = UI;
			sourceTree = "<group>";
		};
		301974EC2D53A4FC00BD3FC4 /* Base */ = {
			isa = PBXGroup;
			children = (
				301974ED2D53A4FC00BD3FC4 /* BaseViewController.swift */,
			);
			path = Base;
			sourceTree = "<group>";
		};
		301974EF2D53A51600BD3FC4 /* Constants */ = {
			isa = PBXGroup;
			children = (
				301974F22D53A54D00BD3FC4 /* Colors.swift */,
				301974F02D53A52900BD3FC4 /* Constants.swift */,
				301974F42D53A7EA00BD3FC4 /* Localized.swift */,
			);
			path = Constants;
			sourceTree = "<group>";
		};
		301974F62D53A81C00BD3FC4 /* Common */ = {
			isa = PBXGroup;
			children = (
				301974FB2D53A83400BD3FC4 /* Localizable.strings */,
			);
			path = Common;
			sourceTree = "<group>";
		};
		301974FD2D53A88000BD3FC4 /* Extensions */ = {
			isa = PBXGroup;
			children = (
				301974FE2D53A89100BD3FC4 /* UIColor+Extensions.swift */,
				3019752B2D56475E00BD3FC4 /* UIImage+Extensions.swift */,
			);
			path = Extensions;
			sourceTree = "<group>";
		};
		301975002D53A8AA00BD3FC4 /* Documents */ = {
			isa = PBXGroup;
			children = (
				301975012D53A8B900BD3FC4 /* Coordinator */,
				301975032D53A8C100BD3FC4 /* Models */,
				301975022D53A8BC00BD3FC4 /* Views */,
				301975042D53A8DA00BD3FC4 /* DocumentGridViewController.swift */,
			);
			path = Documents;
			sourceTree = "<group>";
		};
		301975012D53A8B900BD3FC4 /* Coordinator */ = {
			isa = PBXGroup;
			children = (
				301975062D53A9C200BD3FC4 /* DocumentsCoordinator.swift */,
			);
			path = Coordinator;
			sourceTree = "<group>";
		};
		301975022D53A8BC00BD3FC4 /* Views */ = {
			isa = PBXGroup;
			children = (
				301975232D55184E00BD3FC4 /* DocumentEmptyStateView.swift */,
				301975082D53BDB300BD3FC4 /* DocumentGridCell.swift */,
			);
			path = Views;
			sourceTree = "<group>";
		};
		301975032D53A8C100BD3FC4 /* Models */ = {
			isa = PBXGroup;
			children = (
				3019750A2D53C1CF00BD3FC4 /* DocumentItem.swift */,
				301975252D563A0900BD3FC4 /* DocumentItemCached.swift */,
			);
			path = Models;
			sourceTree = "<group>";
		};
		3019750C2D53CBC200BD3FC4 /* DocumentService */ = {
			isa = PBXGroup;
			children = (
				3019752A2D563B7000BD3FC4 /* Cache */,
				301975292D563B6800BD3FC4 /* Conversion */,
			);
			path = DocumentService;
			sourceTree = "<group>";
		};
		301975172D54091400BD3FC4 /* CommonUI */ = {
			isa = PBXGroup;
			children = (
				301974EC2D53A4FC00BD3FC4 /* Base */,
				301975182D54095D00BD3FC4 /* Common */,
			);
			path = CommonUI;
			sourceTree = "<group>";
		};
		301975182D54095D00BD3FC4 /* Common */ = {
			isa = PBXGroup;
			children = (
				301975132D53FC1800BD3FC4 /* CircularProgressView.swift */,
			);
			path = Common;
			sourceTree = "<group>";
		};
		301975192D540A0800BD3FC4 /* DocumentDetail */ = {
			isa = PBXGroup;
			children = (
				3019751A2D540A1300BD3FC4 /* Views */,
				3019750F2D53DD3700BD3FC4 /* DocumentDetailViewController.swift */,
			);
			path = DocumentDetail;
			sourceTree = "<group>";
		};
		3019751A2D540A1300BD3FC4 /* Views */ = {
			isa = PBXGroup;
			children = (
				301975112D53E28300BD3FC4 /* DocumentDetailView.swift */,
			);
			path = Views;
			sourceTree = "<group>";
		};
		3019751B2D54112C00BD3FC4 /* UI */ = {
			isa = PBXGroup;
			children = (
				3019751C2D54113A00BD3FC4 /* Documents */,
			);
			path = UI;
			sourceTree = "<group>";
		};
		3019751C2D54113A00BD3FC4 /* Documents */ = {
			isa = PBXGroup;
			children = (
				3019751D2D54114000BD3FC4 /* Coordinator */,
			);
			path = Documents;
			sourceTree = "<group>";
		};
		3019751D2D54114000BD3FC4 /* Coordinator */ = {
			isa = PBXGroup;
			children = (
				3019751E2D54114E00BD3FC4 /* DocumentsCoordinatorTests.swift */,
			);
			path = Coordinator;
			sourceTree = "<group>";
		};
		301975292D563B6800BD3FC4 /* Conversion */ = {
			isa = PBXGroup;
			children = (
				3019750D2D53CBDE00BD3FC4 /* DocumentConversionEngine.swift */,
				301975152D5406D700BD3FC4 /* DocumentConversionManager.swift */,
			);
			path = Conversion;
			sourceTree = "<group>";
		};
		3019752A2D563B7000BD3FC4 /* Cache */ = {
			isa = PBXGroup;
			children = (
				301975272D563B4600BD3FC4 /* DocumentCacheManager.swift */,
			);
			path = Cache;
			sourceTree = "<group>";
		};
		3019752D2D57769000BD3FC4 /* Icons */ = {
			isa = PBXGroup;
			children = (
				3043DF302D57809A00C3EBFD /* shaprIcon.png */,
			);
			path = Icons;
			sourceTree = "<group>";
		};
/* End PBXGroup section */

/* Begin PBXNativeTarget section */
		301974972D539B2600BD3FC4 /* Shapr3DConverter */ = {
			isa = PBXNativeTarget;
			buildConfigurationList = 301974BD2D539B2800BD3FC4 /* Build configuration list for PBXNativeTarget "Shapr3DConverter" */;
			buildPhases = (
				301974942D539B2600BD3FC4 /* Sources */,
				301974952D539B2600BD3FC4 /* Frameworks */,
				301974962D539B2600BD3FC4 /* Resources */,
			);
			buildRules = (
			);
			dependencies = (
			);
			name = Shapr3DConverter;
			productName = Shapr3DConverter;
			productReference = 301974982D539B2600BD3FC4 /* Shapr3DConverter.app */;
			productType = "com.apple.product-type.application";
		};
		301974A82D539B2800BD3FC4 /* Shapr3DConverterTests */ = {
			isa = PBXNativeTarget;
			buildConfigurationList = 301974C02D539B2800BD3FC4 /* Build configuration list for PBXNativeTarget "Shapr3DConverterTests" */;
			buildPhases = (
				301974A52D539B2800BD3FC4 /* Sources */,
				301974A62D539B2800BD3FC4 /* Frameworks */,
				301974A72D539B2800BD3FC4 /* Resources */,
			);
			buildRules = (
			);
			dependencies = (
				301974AB2D539B2800BD3FC4 /* PBXTargetDependency */,
			);
			name = Shapr3DConverterTests;
			productName = Shapr3DConverterTests;
			productReference = 301974A92D539B2800BD3FC4 /* Shapr3DConverterTests.xctest */;
			productType = "com.apple.product-type.bundle.unit-test";
		};
		301974B22D539B2800BD3FC4 /* Shapr3DConverterUITests */ = {
			isa = PBXNativeTarget;
			buildConfigurationList = 301974C32D539B2800BD3FC4 /* Build configuration list for PBXNativeTarget "Shapr3DConverterUITests" */;
			buildPhases = (
				301974AF2D539B2800BD3FC4 /* Sources */,
				301974B02D539B2800BD3FC4 /* Frameworks */,
				301974B12D539B2800BD3FC4 /* Resources */,
			);
			buildRules = (
			);
			dependencies = (
				301974B52D539B2800BD3FC4 /* PBXTargetDependency */,
			);
			name = Shapr3DConverterUITests;
			productName = Shapr3DConverterUITests;
			productReference = 301974B32D539B2800BD3FC4 /* Shapr3DConverterUITests.xctest */;
			productType = "com.apple.product-type.bundle.ui-testing";
		};
/* End PBXNativeTarget section */

/* Begin PBXProject section */
		301974902D539B2600BD3FC4 /* Project object */ = {
			isa = PBXProject;
			attributes = {
				BuildIndependentTargetsInParallel = 1;
				LastSwiftUpdateCheck = 1510;
				LastUpgradeCheck = 1510;
				TargetAttributes = {
					301974972D539B2600BD3FC4 = {
						CreatedOnToolsVersion = 15.1;
					};
					301974A82D539B2800BD3FC4 = {
						CreatedOnToolsVersion = 15.1;
						TestTargetID = 301974972D539B2600BD3FC4;
					};
					301974B22D539B2800BD3FC4 = {
						CreatedOnToolsVersion = 15.1;
						TestTargetID = 301974972D539B2600BD3FC4;
					};
				};
			};
			buildConfigurationList = 301974932D539B2600BD3FC4 /* Build configuration list for PBXProject "Shapr3DConverter" */;
			compatibilityVersion = "Xcode 14.0";
			developmentRegion = en;
			hasScannedForEncodings = 0;
			knownRegions = (
				en,
				Base,
				es,
			);
			mainGroup = 3019748F2D539B2600BD3FC4;
			productRefGroup = 301974992D539B2600BD3FC4 /* Products */;
			projectDirPath = "";
			projectRoot = "";
			targets = (
				301974972D539B2600BD3FC4 /* Shapr3DConverter */,
				301974A82D539B2800BD3FC4 /* Shapr3DConverterTests */,
				301974B22D539B2800BD3FC4 /* Shapr3DConverterUITests */,
			);
		};
/* End PBXProject section */

/* Begin PBXResourcesBuildPhase section */
		301974962D539B2600BD3FC4 /* Resources */ = {
			isa = PBXResourcesBuildPhase;
			buildActionMask = 2147483647;
			files = (
				301974A02D539B2800BD3FC4 /* Assets.xcassets in Resources */,
				301974F92D53A83400BD3FC4 /* Localizable.strings in Resources */,
				301974A42D539B2800BD3FC4 /* Preview Assets.xcassets in Resources */,
				3043DF312D57809A00C3EBFD /* shaprIcon.png in Resources */,
			);
			runOnlyForDeploymentPostprocessing = 0;
		};
		301974A72D539B2800BD3FC4 /* Resources */ = {
			isa = PBXResourcesBuildPhase;
			buildActionMask = 2147483647;
			files = (
			);
			runOnlyForDeploymentPostprocessing = 0;
		};
		301974B12D539B2800BD3FC4 /* Resources */ = {
			isa = PBXResourcesBuildPhase;
			buildActionMask = 2147483647;
			files = (
			);
			runOnlyForDeploymentPostprocessing = 0;
		};
/* End PBXResourcesBuildPhase section */

/* Begin PBXSourcesBuildPhase section */
		301974942D539B2600BD3FC4 /* Sources */ = {
			isa = PBXSourcesBuildPhase;
			buildActionMask = 2147483647;
			files = (
				301974E02D53A46A00BD3FC4 /* AnyCoordinator.swift in Sources */,
				301974CB2D539C9B00BD3FC4 /* AppDelegate.swift in Sources */,
				301974D42D53A40900BD3FC4 /* ApplicationCoordinator.swift in Sources */,
				301974EE2D53A4FC00BD3FC4 /* BaseViewController.swift in Sources */,
				301975142D53FC1800BD3FC4 /* CircularProgressView.swift in Sources */,
				301974F32D53A54D00BD3FC4 /* Colors.swift in Sources */,
				301974E32D53A46A00BD3FC4 /* CombineAsyncStreamBridge.swift in Sources */,
				301974E52D53A46A00BD3FC4 /* CombineUtils.swift in Sources */,
				301974F12D53A52900BD3FC4 /* Constants.swift in Sources */,
				301974DF2D53A46A00BD3FC4 /* Coordinatable.swift in Sources */,
				301974E22D53A46A00BD3FC4 /* Coordinator.swift in Sources */,
				301975282D563B4600BD3FC4 /* DocumentCacheManager.swift in Sources */,
				3019750E2D53CBDE00BD3FC4 /* DocumentConversionEngine.swift in Sources */,
				301975162D5406D700BD3FC4 /* DocumentConversionManager.swift in Sources */,
				301975122D53E28300BD3FC4 /* DocumentDetailView.swift in Sources */,
				301975102D53DD3700BD3FC4 /* DocumentDetailViewController.swift in Sources */,
				301975242D55184E00BD3FC4 /* DocumentEmptyStateView.swift in Sources */,
				301975092D53BDB300BD3FC4 /* DocumentGridCell.swift in Sources */,
				301975052D53A8DA00BD3FC4 /* DocumentGridViewController.swift in Sources */,
				3019750B2D53C1CF00BD3FC4 /* DocumentItem.swift in Sources */,
				301975262D563A0900BD3FC4 /* DocumentItemCached.swift in Sources */,
				301975072D53A9C300BD3FC4 /* DocumentsCoordinator.swift in Sources */,
				301974F52D53A7EA00BD3FC4 /* Localized.swift in Sources */,
				301974E12D53A46A00BD3FC4 /* MappedCoordinator.swift in Sources */,
				301974E42D53A46A00BD3FC4 /* Publisher+SingleOutput.swift in Sources */,
				301974E92D53A4CC00BD3FC4 /* Route.swift in Sources */,
				301974EA2D53A4CC00BD3FC4 /* Router.swift in Sources */,
				301974CD2D539CAD00BD3FC4 /* SceneDelegate.swift in Sources */,
				301974FF2D53A89100BD3FC4 /* UIColor+Extensions.swift in Sources */,
				3019752C2D56475E00BD3FC4 /* UIImage+Extensions.swift in Sources */,
				301974D02D53A37F00BD3FC4 /* main.swift in Sources */,
			);
			runOnlyForDeploymentPostprocessing = 0;
		};
		301974A52D539B2800BD3FC4 /* Sources */ = {
			isa = PBXSourcesBuildPhase;
			buildActionMask = 2147483647;
			files = (
				3019751F2D54114E00BD3FC4 /* DocumentsCoordinatorTests.swift in Sources */,
				301975212D5411B400BD3FC4 /* RouterMock.swift in Sources */,
				301974AE2D539B2800BD3FC4 /* Shapr3DConverterTests.swift in Sources */,
			);
			runOnlyForDeploymentPostprocessing = 0;
		};
		301974AF2D539B2800BD3FC4 /* Sources */ = {
			isa = PBXSourcesBuildPhase;
			buildActionMask = 2147483647;
			files = (
				301974B82D539B2800BD3FC4 /* Shapr3DConverterUITests.swift in Sources */,
				301974BA2D539B2800BD3FC4 /* Shapr3DConverterUITestsLaunchTests.swift in Sources */,
			);
			runOnlyForDeploymentPostprocessing = 0;
		};
/* End PBXSourcesBuildPhase section */

/* Begin PBXTargetDependency section */
		301974AB2D539B2800BD3FC4 /* PBXTargetDependency */ = {
			isa = PBXTargetDependency;
			target = 301974972D539B2600BD3FC4 /* Shapr3DConverter */;
			targetProxy = 301974AA2D539B2800BD3FC4 /* PBXContainerItemProxy */;
		};
		301974B52D539B2800BD3FC4 /* PBXTargetDependency */ = {
			isa = PBXTargetDependency;
			target = 301974972D539B2600BD3FC4 /* Shapr3DConverter */;
			targetProxy = 301974B42D539B2800BD3FC4 /* PBXContainerItemProxy */;
		};
/* End PBXTargetDependency section */

/* Begin PBXVariantGroup section */
		301974FB2D53A83400BD3FC4 /* Localizable.strings */ = {
			isa = PBXVariantGroup;
			children = (
				301974FA2D53A83400BD3FC4 /* en */,
				301974FC2D53A83500BD3FC4 /* es */,
			);
			name = Localizable.strings;
			sourceTree = "<group>";
		};
/* End PBXVariantGroup section */

/* Begin XCBuildConfiguration section */
		301974BB2D539B2800BD3FC4 /* Debug */ = {
			isa = XCBuildConfiguration;
			buildSettings = {
				ALWAYS_SEARCH_USER_PATHS = NO;
				ASSETCATALOG_COMPILER_GENERATE_SWIFT_ASSET_SYMBOL_EXTENSIONS = YES;
				CLANG_ANALYZER_NONNULL = YES;
				CLANG_ANALYZER_NUMBER_OBJECT_CONVERSION = YES_AGGRESSIVE;
				CLANG_CXX_LANGUAGE_STANDARD = "gnu++20";
				CLANG_ENABLE_MODULES = YES;
				CLANG_ENABLE_OBJC_ARC = YES;
				CLANG_ENABLE_OBJC_WEAK = YES;
				CLANG_WARN_BLOCK_CAPTURE_AUTORELEASING = YES;
				CLANG_WARN_BOOL_CONVERSION = YES;
				CLANG_WARN_COMMA = YES;
				CLANG_WARN_CONSTANT_CONVERSION = YES;
				CLANG_WARN_DEPRECATED_OBJC_IMPLEMENTATIONS = YES;
				CLANG_WARN_DIRECT_OBJC_ISA_USAGE = YES_ERROR;
				CLANG_WARN_DOCUMENTATION_COMMENTS = YES;
				CLANG_WARN_EMPTY_BODY = YES;
				CLANG_WARN_ENUM_CONVERSION = YES;
				CLANG_WARN_INFINITE_RECURSION = YES;
				CLANG_WARN_INT_CONVERSION = YES;
				CLANG_WARN_NON_LITERAL_NULL_CONVERSION = YES;
				CLANG_WARN_OBJC_IMPLICIT_RETAIN_SELF = YES;
				CLANG_WARN_OBJC_LITERAL_CONVERSION = YES;
				CLANG_WARN_OBJC_ROOT_CLASS = YES_ERROR;
				CLANG_WARN_QUOTED_INCLUDE_IN_FRAMEWORK_HEADER = YES;
				CLANG_WARN_RANGE_LOOP_ANALYSIS = YES;
				CLANG_WARN_STRICT_PROTOTYPES = YES;
				CLANG_WARN_SUSPICIOUS_MOVE = YES;
				CLANG_WARN_UNGUARDED_AVAILABILITY = YES_AGGRESSIVE;
				CLANG_WARN_UNREACHABLE_CODE = YES;
				CLANG_WARN__DUPLICATE_METHOD_MATCH = YES;
				COPY_PHASE_STRIP = NO;
				DEBUG_INFORMATION_FORMAT = dwarf;
				ENABLE_STRICT_OBJC_MSGSEND = YES;
				ENABLE_TESTABILITY = YES;
				ENABLE_USER_SCRIPT_SANDBOXING = YES;
				GCC_C_LANGUAGE_STANDARD = gnu17;
				GCC_DYNAMIC_NO_PIC = NO;
				GCC_NO_COMMON_BLOCKS = YES;
				GCC_OPTIMIZATION_LEVEL = 0;
				GCC_PREPROCESSOR_DEFINITIONS = (
					"DEBUG=1",
					"$(inherited)",
				);
				GCC_WARN_64_TO_32_BIT_CONVERSION = YES;
				GCC_WARN_ABOUT_RETURN_TYPE = YES_ERROR;
				GCC_WARN_UNDECLARED_SELECTOR = YES;
				GCC_WARN_UNINITIALIZED_AUTOS = YES_AGGRESSIVE;
				GCC_WARN_UNUSED_FUNCTION = YES;
				GCC_WARN_UNUSED_VARIABLE = YES;
				LOCALIZATION_PREFERS_STRING_CATALOGS = YES;
				MTL_ENABLE_DEBUG_INFO = INCLUDE_SOURCE;
				MTL_FAST_MATH = YES;
				ONLY_ACTIVE_ARCH = YES;
				SWIFT_ACTIVE_COMPILATION_CONDITIONS = "DEBUG $(inherited)";
				SWIFT_OPTIMIZATION_LEVEL = "-Onone";
			};
			name = Debug;
		};
		301974BC2D539B2800BD3FC4 /* Release */ = {
			isa = XCBuildConfiguration;
			buildSettings = {
				ALWAYS_SEARCH_USER_PATHS = NO;
				ASSETCATALOG_COMPILER_GENERATE_SWIFT_ASSET_SYMBOL_EXTENSIONS = YES;
				CLANG_ANALYZER_NONNULL = YES;
				CLANG_ANALYZER_NUMBER_OBJECT_CONVERSION = YES_AGGRESSIVE;
				CLANG_CXX_LANGUAGE_STANDARD = "gnu++20";
				CLANG_ENABLE_MODULES = YES;
				CLANG_ENABLE_OBJC_ARC = YES;
				CLANG_ENABLE_OBJC_WEAK = YES;
				CLANG_WARN_BLOCK_CAPTURE_AUTORELEASING = YES;
				CLANG_WARN_BOOL_CONVERSION = YES;
				CLANG_WARN_COMMA = YES;
				CLANG_WARN_CONSTANT_CONVERSION = YES;
				CLANG_WARN_DEPRECATED_OBJC_IMPLEMENTATIONS = YES;
				CLANG_WARN_DIRECT_OBJC_ISA_USAGE = YES_ERROR;
				CLANG_WARN_DOCUMENTATION_COMMENTS = YES;
				CLANG_WARN_EMPTY_BODY = YES;
				CLANG_WARN_ENUM_CONVERSION = YES;
				CLANG_WARN_INFINITE_RECURSION = YES;
				CLANG_WARN_INT_CONVERSION = YES;
				CLANG_WARN_NON_LITERAL_NULL_CONVERSION = YES;
				CLANG_WARN_OBJC_IMPLICIT_RETAIN_SELF = YES;
				CLANG_WARN_OBJC_LITERAL_CONVERSION = YES;
				CLANG_WARN_OBJC_ROOT_CLASS = YES_ERROR;
				CLANG_WARN_QUOTED_INCLUDE_IN_FRAMEWORK_HEADER = YES;
				CLANG_WARN_RANGE_LOOP_ANALYSIS = YES;
				CLANG_WARN_STRICT_PROTOTYPES = YES;
				CLANG_WARN_SUSPICIOUS_MOVE = YES;
				CLANG_WARN_UNGUARDED_AVAILABILITY = YES_AGGRESSIVE;
				CLANG_WARN_UNREACHABLE_CODE = YES;
				CLANG_WARN__DUPLICATE_METHOD_MATCH = YES;
				COPY_PHASE_STRIP = NO;
				DEBUG_INFORMATION_FORMAT = "dwarf-with-dsym";
				ENABLE_NS_ASSERTIONS = NO;
				ENABLE_STRICT_OBJC_MSGSEND = YES;
				ENABLE_USER_SCRIPT_SANDBOXING = YES;
				GCC_C_LANGUAGE_STANDARD = gnu17;
				GCC_NO_COMMON_BLOCKS = YES;
				GCC_WARN_64_TO_32_BIT_CONVERSION = YES;
				GCC_WARN_ABOUT_RETURN_TYPE = YES_ERROR;
				GCC_WARN_UNDECLARED_SELECTOR = YES;
				GCC_WARN_UNINITIALIZED_AUTOS = YES_AGGRESSIVE;
				GCC_WARN_UNUSED_FUNCTION = YES;
				GCC_WARN_UNUSED_VARIABLE = YES;
				LOCALIZATION_PREFERS_STRING_CATALOGS = YES;
				MTL_ENABLE_DEBUG_INFO = NO;
				MTL_FAST_MATH = YES;
				SWIFT_COMPILATION_MODE = wholemodule;
			};
			name = Release;
		};
		301974BE2D539B2800BD3FC4 /* Debug */ = {
			isa = XCBuildConfiguration;
			buildSettings = {
				ASSETCATALOG_COMPILER_APPICON_NAME = AppIcon;
				ASSETCATALOG_COMPILER_GLOBAL_ACCENT_COLOR_NAME = AccentColor;
				CODE_SIGN_ENTITLEMENTS = Shapr3DConverter/Shapr3DConverter.entitlements;
				CODE_SIGN_STYLE = Automatic;
				CURRENT_PROJECT_VERSION = 1;
				DEVELOPMENT_ASSET_PATHS = "\"Shapr3DConverter/Resources/Preview Content\"";
				DEVELOPMENT_TEAM = FH85Z67KT3;
				ENABLE_HARDENED_RUNTIME = YES;
				ENABLE_PREVIEWS = YES;
				GENERATE_INFOPLIST_FILE = YES;
				INFOPLIST_FILE = Shapr3DConverter/Info.plist;
				"INFOPLIST_KEY_UIApplicationSceneManifest_Generation[sdk=iphoneos*]" = NO;
				"INFOPLIST_KEY_UIApplicationSceneManifest_Generation[sdk=iphonesimulator*]" = NO;
				"INFOPLIST_KEY_UIApplicationSupportsIndirectInputEvents[sdk=iphoneos*]" = YES;
				"INFOPLIST_KEY_UIApplicationSupportsIndirectInputEvents[sdk=iphonesimulator*]" = YES;
				"INFOPLIST_KEY_UILaunchScreen_Generation[sdk=iphoneos*]" = YES;
				"INFOPLIST_KEY_UILaunchScreen_Generation[sdk=iphonesimulator*]" = YES;
				"INFOPLIST_KEY_UIStatusBarStyle[sdk=iphoneos*]" = UIStatusBarStyleDefault;
				"INFOPLIST_KEY_UIStatusBarStyle[sdk=iphonesimulator*]" = UIStatusBarStyleDefault;
				INFOPLIST_KEY_UISupportedInterfaceOrientations_iPad = "UIInterfaceOrientationPortrait UIInterfaceOrientationPortraitUpsideDown UIInterfaceOrientationLandscapeLeft UIInterfaceOrientationLandscapeRight";
				INFOPLIST_KEY_UISupportedInterfaceOrientations_iPhone = "UIInterfaceOrientationPortrait UIInterfaceOrientationLandscapeLeft UIInterfaceOrientationLandscapeRight";
				IPHONEOS_DEPLOYMENT_TARGET = 16.0;
				LD_RUNPATH_SEARCH_PATHS = "@executable_path/Frameworks";
				"LD_RUNPATH_SEARCH_PATHS[sdk=macosx*]" = "@executable_path/../Frameworks";
				MACOSX_DEPLOYMENT_TARGET = 14.2;
				MARKETING_VERSION = 1.0;
				PRODUCT_BUNDLE_IDENTIFIER = tinyprocessing.com.Shapr3DConverter;
				PRODUCT_NAME = "$(TARGET_NAME)";
				SDKROOT = auto;
				SUPPORTED_PLATFORMS = "iphoneos iphonesimulator macosx";
				SWIFT_EMIT_LOC_STRINGS = YES;
				SWIFT_VERSION = 5.0;
				TARGETED_DEVICE_FAMILY = "1,2";
			};
			name = Debug;
		};
		301974BF2D539B2800BD3FC4 /* Release */ = {
			isa = XCBuildConfiguration;
			buildSettings = {
				ASSETCATALOG_COMPILER_APPICON_NAME = AppIcon;
				ASSETCATALOG_COMPILER_GLOBAL_ACCENT_COLOR_NAME = AccentColor;
				CODE_SIGN_ENTITLEMENTS = Shapr3DConverter/Shapr3DConverter.entitlements;
				CODE_SIGN_STYLE = Automatic;
				CURRENT_PROJECT_VERSION = 1;
				DEVELOPMENT_ASSET_PATHS = "\"Shapr3DConverter/Resources/Preview Content\"";
				DEVELOPMENT_TEAM = FH85Z67KT3;
				ENABLE_HARDENED_RUNTIME = YES;
				ENABLE_PREVIEWS = YES;
				GENERATE_INFOPLIST_FILE = YES;
				INFOPLIST_FILE = Shapr3DConverter/Info.plist;
				"INFOPLIST_KEY_UIApplicationSceneManifest_Generation[sdk=iphoneos*]" = NO;
				"INFOPLIST_KEY_UIApplicationSceneManifest_Generation[sdk=iphonesimulator*]" = NO;
				"INFOPLIST_KEY_UIApplicationSupportsIndirectInputEvents[sdk=iphoneos*]" = YES;
				"INFOPLIST_KEY_UIApplicationSupportsIndirectInputEvents[sdk=iphonesimulator*]" = YES;
				"INFOPLIST_KEY_UILaunchScreen_Generation[sdk=iphoneos*]" = YES;
				"INFOPLIST_KEY_UILaunchScreen_Generation[sdk=iphonesimulator*]" = YES;
				"INFOPLIST_KEY_UIStatusBarStyle[sdk=iphoneos*]" = UIStatusBarStyleDefault;
				"INFOPLIST_KEY_UIStatusBarStyle[sdk=iphonesimulator*]" = UIStatusBarStyleDefault;
				INFOPLIST_KEY_UISupportedInterfaceOrientations_iPad = "UIInterfaceOrientationPortrait UIInterfaceOrientationPortraitUpsideDown UIInterfaceOrientationLandscapeLeft UIInterfaceOrientationLandscapeRight";
				INFOPLIST_KEY_UISupportedInterfaceOrientations_iPhone = "UIInterfaceOrientationPortrait UIInterfaceOrientationLandscapeLeft UIInterfaceOrientationLandscapeRight";
				IPHONEOS_DEPLOYMENT_TARGET = 16.0;
				LD_RUNPATH_SEARCH_PATHS = "@executable_path/Frameworks";
				"LD_RUNPATH_SEARCH_PATHS[sdk=macosx*]" = "@executable_path/../Frameworks";
				MACOSX_DEPLOYMENT_TARGET = 14.2;
				MARKETING_VERSION = 1.0;
				PRODUCT_BUNDLE_IDENTIFIER = tinyprocessing.com.Shapr3DConverter;
				PRODUCT_NAME = "$(TARGET_NAME)";
				SDKROOT = auto;
				SUPPORTED_PLATFORMS = "iphoneos iphonesimulator macosx";
				SWIFT_EMIT_LOC_STRINGS = YES;
				SWIFT_VERSION = 5.0;
				TARGETED_DEVICE_FAMILY = "1,2";
			};
			name = Release;
		};
		301974C12D539B2800BD3FC4 /* Debug */ = {
			isa = XCBuildConfiguration;
			buildSettings = {
				ALWAYS_EMBED_SWIFT_STANDARD_LIBRARIES = YES;
				BUNDLE_LOADER = "$(TEST_HOST)";
				CODE_SIGN_STYLE = Automatic;
				CURRENT_PROJECT_VERSION = 1;
				DEVELOPMENT_TEAM = FH85Z67KT3;
				GENERATE_INFOPLIST_FILE = YES;
				IPHONEOS_DEPLOYMENT_TARGET = 17.2;
				MACOSX_DEPLOYMENT_TARGET = 14.2;
				MARKETING_VERSION = 1.0;
				PRODUCT_BUNDLE_IDENTIFIER = tinyprocessing.com.Shapr3DConverterTests;
				PRODUCT_NAME = "$(TARGET_NAME)";
				SDKROOT = auto;
				SUPPORTED_PLATFORMS = "iphoneos iphonesimulator macosx";
				SWIFT_EMIT_LOC_STRINGS = NO;
				SWIFT_VERSION = 5.0;
				TARGETED_DEVICE_FAMILY = "1,2";
				TEST_HOST = "$(BUILT_PRODUCTS_DIR)/Shapr3DConverter.app/$(BUNDLE_EXECUTABLE_FOLDER_PATH)/Shapr3DConverter";
			};
			name = Debug;
		};
		301974C22D539B2800BD3FC4 /* Release */ = {
			isa = XCBuildConfiguration;
			buildSettings = {
				ALWAYS_EMBED_SWIFT_STANDARD_LIBRARIES = YES;
				BUNDLE_LOADER = "$(TEST_HOST)";
				CODE_SIGN_STYLE = Automatic;
				CURRENT_PROJECT_VERSION = 1;
				DEVELOPMENT_TEAM = FH85Z67KT3;
				GENERATE_INFOPLIST_FILE = YES;
				IPHONEOS_DEPLOYMENT_TARGET = 17.2;
				MACOSX_DEPLOYMENT_TARGET = 14.2;
				MARKETING_VERSION = 1.0;
				PRODUCT_BUNDLE_IDENTIFIER = tinyprocessing.com.Shapr3DConverterTests;
				PRODUCT_NAME = "$(TARGET_NAME)";
				SDKROOT = auto;
				SUPPORTED_PLATFORMS = "iphoneos iphonesimulator macosx";
				SWIFT_EMIT_LOC_STRINGS = NO;
				SWIFT_VERSION = 5.0;
				TARGETED_DEVICE_FAMILY = "1,2";
				TEST_HOST = "$(BUILT_PRODUCTS_DIR)/Shapr3DConverter.app/$(BUNDLE_EXECUTABLE_FOLDER_PATH)/Shapr3DConverter";
			};
			name = Release;
		};
		301974C42D539B2800BD3FC4 /* Debug */ = {
			isa = XCBuildConfiguration;
			buildSettings = {
				ALWAYS_EMBED_SWIFT_STANDARD_LIBRARIES = YES;
				CODE_SIGN_STYLE = Automatic;
				CURRENT_PROJECT_VERSION = 1;
				DEVELOPMENT_TEAM = FH85Z67KT3;
				GENERATE_INFOPLIST_FILE = YES;
				IPHONEOS_DEPLOYMENT_TARGET = 17.2;
				MACOSX_DEPLOYMENT_TARGET = 14.2;
				MARKETING_VERSION = 1.0;
				PRODUCT_BUNDLE_IDENTIFIER = tinyprocessing.com.Shapr3DConverterUITests;
				PRODUCT_NAME = "$(TARGET_NAME)";
				SDKROOT = auto;
				SUPPORTED_PLATFORMS = "iphoneos iphonesimulator macosx";
				SWIFT_EMIT_LOC_STRINGS = NO;
				SWIFT_VERSION = 5.0;
				TARGETED_DEVICE_FAMILY = "1,2";
				TEST_TARGET_NAME = Shapr3DConverter;
			};
			name = Debug;
		};
		301974C52D539B2800BD3FC4 /* Release */ = {
			isa = XCBuildConfiguration;
			buildSettings = {
				ALWAYS_EMBED_SWIFT_STANDARD_LIBRARIES = YES;
				CODE_SIGN_STYLE = Automatic;
				CURRENT_PROJECT_VERSION = 1;
				DEVELOPMENT_TEAM = FH85Z67KT3;
				GENERATE_INFOPLIST_FILE = YES;
				IPHONEOS_DEPLOYMENT_TARGET = 17.2;
				MACOSX_DEPLOYMENT_TARGET = 14.2;
				MARKETING_VERSION = 1.0;
				PRODUCT_BUNDLE_IDENTIFIER = tinyprocessing.com.Shapr3DConverterUITests;
				PRODUCT_NAME = "$(TARGET_NAME)";
				SDKROOT = auto;
				SUPPORTED_PLATFORMS = "iphoneos iphonesimulator macosx";
				SWIFT_EMIT_LOC_STRINGS = NO;
				SWIFT_VERSION = 5.0;
				TARGETED_DEVICE_FAMILY = "1,2";
				TEST_TARGET_NAME = Shapr3DConverter;
			};
			name = Release;
		};
/* End XCBuildConfiguration section */

/* Begin XCConfigurationList section */
		301974932D539B2600BD3FC4 /* Build configuration list for PBXProject "Shapr3DConverter" */ = {
			isa = XCConfigurationList;
			buildConfigurations = (
				301974BB2D539B2800BD3FC4 /* Debug */,
				301974BC2D539B2800BD3FC4 /* Release */,
			);
			defaultConfigurationIsVisible = 0;
			defaultConfigurationName = Release;
		};
		301974BD2D539B2800BD3FC4 /* Build configuration list for PBXNativeTarget "Shapr3DConverter" */ = {
			isa = XCConfigurationList;
			buildConfigurations = (
				301974BE2D539B2800BD3FC4 /* Debug */,
				301974BF2D539B2800BD3FC4 /* Release */,
			);
			defaultConfigurationIsVisible = 0;
			defaultConfigurationName = Release;
		};
		301974C02D539B2800BD3FC4 /* Build configuration list for PBXNativeTarget "Shapr3DConverterTests" */ = {
			isa = XCConfigurationList;
			buildConfigurations = (
				301974C12D539B2800BD3FC4 /* Debug */,
				301974C22D539B2800BD3FC4 /* Release */,
			);
			defaultConfigurationIsVisible = 0;
			defaultConfigurationName = Release;
		};
		301974C32D539B2800BD3FC4 /* Build configuration list for PBXNativeTarget "Shapr3DConverterUITests" */ = {
			isa = XCConfigurationList;
			buildConfigurations = (
				301974C42D539B2800BD3FC4 /* Debug */,
				301974C52D539B2800BD3FC4 /* Release */,
			);
			defaultConfigurationIsVisible = 0;
			defaultConfigurationName = Release;
		};
/* End XCConfigurationList section */
	};
	rootObject = 301974902D539B2600BD3FC4 /* Project object */;
}
